
Microsoft Visual Studio Solution File, Format Version 12.00
# Visual Studio Version 17
VisualStudioVersion = 17.10.35122.118
MinimumVisualStudioVersion = 10.0.40219.1
Project("{FAE04EC0-301F-11D3-BF4B-00C04F79EFBC}") = "ProyectoFinal_Santiago Giustolisi", "ProyectoFinal_Santiago Giustolisi.csproj", "{EF65465D-2265-4809-AE37-0A9AC5A57C1A}"
EndProject
Global
	GlobalSection(SolutionConfigurationPlatforms) = preSolution
		Debug|Any CPU = Debug|Any CPU
		Release|Any CPU = Release|Any CPU
	EndGlobalSection
	GlobalSection(ProjectConfigurationPlatforms) = postSolution
		{EF65465D-2265-4809-AE37-0A9AC5A57C1A}.Debug|Any CPU.ActiveCfg = Debug|Any CPU
		{EF65465D-2265-4809-AE37-0A9AC5A57C1A}.Debug|Any CPU.Build.0 = Debug|Any CPU
		{EF65465D-2265-4809-AE37-0A9AC5A57C1A}.Release|Any CPU.ActiveCfg = Release|Any CPU
		{EF65465D-2265-4809-AE37-0A9AC5A57C1A}.Release|Any CPU.Build.0 = Release|Any CPU
	EndGlobalSection
	GlobalSection(SolutionProperties) = preSolution
		HideSolutionNode = FALSE
	EndGlobalSection
	GlobalSection(ExtensibilityGlobals) = postSolution
		SolutionGuid = {0CB318F3-60F8-43D0-91BE-54ED849C1A87}
	EndGlobalSection
EndGlobal
